
Microsoft Visual Studio Solution File, Format Version 12.00
Project("{FAE04EC0-301F-11D3-BF4B-00C04F79EFBC}") = "CodeFirst", "CodeFirst\CodeFirst.csproj", "{E188C0DD-05D0-4382-B9AD-7BA32B425EBA}"
EndProject
Project("{FAE04EC0-301F-11D3-BF4B-00C04F79EFBC}") = "DBFirst", "DBFirst\DBFirst.csproj", "{38E905A8-CE64-4046-AA0E-A9E548248B00}"
EndProject
Project("{FAE04EC0-301F-11D3-BF4B-00C04F79EFBC}") = "CodeFirst.Test", "CodeFirst.Test\CodeFirst.Test.csproj", "{7199B394-BFDC-4FA9-9BCE-5F3B877AD1EF}"
EndProject
Global
	GlobalSection(SolutionConfigurationPlatforms) = preSolution
		Debug|Any CPU = Debug|Any CPU
		Release|Any CPU = Release|Any CPU
	EndGlobalSection
	GlobalSection(ProjectConfigurationPlatforms) = postSolution
		{E188C0DD-05D0-4382-B9AD-7BA32B425EBA}.Debug|Any CPU.ActiveCfg = Debug|Any CPU
		{E188C0DD-05D0-4382-B9AD-7BA32B425EBA}.Debug|Any CPU.Build.0 = Debug|Any CPU
		{E188C0DD-05D0-4382-B9AD-7BA32B425EBA}.Release|Any CPU.ActiveCfg = Release|Any CPU
		{E188C0DD-05D0-4382-B9AD-7BA32B425EBA}.Release|Any CPU.Build.0 = Release|Any CPU
		{38E905A8-CE64-4046-AA0E-A9E548248B00}.Debug|Any CPU.ActiveCfg = Debug|Any CPU
		{38E905A8-CE64-4046-AA0E-A9E548248B00}.Debug|Any CPU.Build.0 = Debug|Any CPU
		{38E905A8-CE64-4046-AA0E-A9E548248B00}.Release|Any CPU.ActiveCfg = Release|Any CPU
		{38E905A8-CE64-4046-AA0E-A9E548248B00}.Release|Any CPU.Build.0 = Release|Any CPU
		{7199B394-BFDC-4FA9-9BCE-5F3B877AD1EF}.Debug|Any CPU.ActiveCfg = Debug|Any CPU
		{7199B394-BFDC-4FA9-9BCE-5F3B877AD1EF}.Debug|Any CPU.Build.0 = Debug|Any CPU
		{7199B394-BFDC-4FA9-9BCE-5F3B877AD1EF}.Release|Any CPU.ActiveCfg = Release|Any CPU
		{7199B394-BFDC-4FA9-9BCE-5F3B877AD1EF}.Release|Any CPU.Build.0 = Release|Any CPU
	EndGlobalSection
EndGlobal
